
Microsoft Visual Studio Solution File, Format Version 12.00
# Visual Studio Version 16
VisualStudioVersion = 16.0.30907.101
MinimumVisualStudioVersion = 10.0.40219.1
Project("{FAE04EC0-301F-11D3-BF4B-00C04F79EFBC}") = "103_WebApiToken", "103_WebApiToken\103_WebApiToken.csproj", "{545CAB36-FB68-4460-85D0-6483938F6AF7}"
EndProject
Global
	GlobalSection(SolutionConfigurationPlatforms) = preSolution
		Debug|Any CPU = Debug|Any CPU
		Release|Any CPU = Release|Any CPU
	EndGlobalSection
	GlobalSection(ProjectConfigurationPlatforms) = postSolution
		{545CAB36-FB68-4460-85D0-6483938F6AF7}.Debug|Any CPU.ActiveCfg = Debug|Any CPU
		{545CAB36-FB68-4460-85D0-6483938F6AF7}.Debug|Any CPU.Build.0 = Debug|Any CPU
		{545CAB36-FB68-4460-85D0-6483938F6AF7}.Release|Any CPU.ActiveCfg = Release|Any CPU
		{545CAB36-FB68-4460-85D0-6483938F6AF7}.Release|Any CPU.Build.0 = Release|Any CPU
	EndGlobalSection
	GlobalSection(SolutionProperties) = preSolution
		HideSolutionNode = FALSE
	EndGlobalSection
	GlobalSection(ExtensibilityGlobals) = postSolution
		SolutionGuid = {AC98B2AB-6591-41B9-A46F-29FD36AA8D66}
	EndGlobalSection
EndGlobal
